// !$*UTF8*$!
{
	archiveVersion = 1;
	classes = {
	};
	objectVersion = 50;
	objects = {

/* Begin PBXBuildFile section */
		F412B66A2543D14D00B36A77 /* ZKParserFactory.h in Headers */ = {isa = PBXBuildFile; fileRef = F412B6692543D14D00B36A77 /* ZKParserFactory.h */; };
		F412B66C2543D14D00B36A77 /* ZKParserFactory.m in Sources */ = {isa = PBXBuildFile; fileRef = F412B66B2543D14D00B36A77 /* ZKParserFactory.m */; };
		F412B67E2543DE0900B36A77 /* Tests.m in Sources */ = {isa = PBXBuildFile; fileRef = F412B67D2543DE0900B36A77 /* Tests.m */; };
		F412B6802543DE0900B36A77 /* libZKParser.a in Frameworks */ = {isa = PBXBuildFile; fileRef = F412B6662543D14D00B36A77 /* libZKParser.a */; };
		F438E480261E276E0010D90E /* ZKParsingState.h in Headers */ = {isa = PBXBuildFile; fileRef = F438E47E261E276E0010D90E /* ZKParsingState.h */; };
		F438E481261E276E0010D90E /* ZKParsingState.m in Sources */ = {isa = PBXBuildFile; fileRef = F438E47F261E276E0010D90E /* ZKParsingState.m */; };
		F438E482261E276E0010D90E /* ZKParsingState.m in Sources */ = {isa = PBXBuildFile; fileRef = F438E47F261E276E0010D90E /* ZKParsingState.m */; };
		F438E487261F77A70010D90E /* Soql.h in Headers */ = {isa = PBXBuildFile; fileRef = F438E485261F77A70010D90E /* Soql.h */; };
		F438E488261F77A70010D90E /* Soql.m in Sources */ = {isa = PBXBuildFile; fileRef = F438E486261F77A70010D90E /* Soql.m */; };
		F438E489261F77A70010D90E /* Soql.m in Sources */ = {isa = PBXBuildFile; fileRef = F438E486261F77A70010D90E /* Soql.m */; };
		F438E48E261F7C960010D90E /* SoqlTests.m in Sources */ = {isa = PBXBuildFile; fileRef = F438E48C261F7C960010D90E /* SoqlTests.m */; };
		F438E49C2620C3F30010D90E /* SoqlParser.h in Headers */ = {isa = PBXBuildFile; fileRef = F438E49A2620C3F30010D90E /* SoqlParser.h */; };
		F438E49D2620C3F30010D90E /* SoqlParser.m in Sources */ = {isa = PBXBuildFile; fileRef = F438E49B2620C3F30010D90E /* SoqlParser.m */; };
		F438E49E2620C3F30010D90E /* SoqlParser.m in Sources */ = {isa = PBXBuildFile; fileRef = F438E49B2620C3F30010D90E /* SoqlParser.m */; };
		F4C88A092628E395006D606A /* ZKParserResult.h in Headers */ = {isa = PBXBuildFile; fileRef = F4C88A072628E395006D606A /* ZKParserResult.h */; };
		F4C88A0A2628E395006D606A /* ZKParserResult.m in Sources */ = {isa = PBXBuildFile; fileRef = F4C88A082628E395006D606A /* ZKParserResult.m */; };
		F4C88A0B2628E395006D606A /* ZKParserResult.m in Sources */ = {isa = PBXBuildFile; fileRef = F4C88A082628E395006D606A /* ZKParserResult.m */; };
/* End PBXBuildFile section */

/* Begin PBXContainerItemProxy section */
		F412B6812543DE0900B36A77 /* PBXContainerItemProxy */ = {
			isa = PBXContainerItemProxy;
			containerPortal = F412B65E2543D14D00B36A77 /* Project object */;
			proxyType = 1;
			remoteGlobalIDString = F412B6652543D14D00B36A77;
			remoteInfo = ZKParser;
		};
/* End PBXContainerItemProxy section */

/* Begin PBXFileReference section */
		F412B6662543D14D00B36A77 /* libZKParser.a */ = {isa = PBXFileReference; explicitFileType = archive.ar; includeInIndex = 0; path = libZKParser.a; sourceTree = BUILT_PRODUCTS_DIR; };
		F412B6692543D14D00B36A77 /* ZKParserFactory.h */ = {isa = PBXFileReference; lastKnownFileType = sourcecode.c.h; path = ZKParserFactory.h; sourceTree = "<group>"; };
		F412B66B2543D14D00B36A77 /* ZKParserFactory.m */ = {isa = PBXFileReference; lastKnownFileType = sourcecode.c.objc; path = ZKParserFactory.m; sourceTree = "<group>"; };
		F412B67B2543DE0900B36A77 /* Tests.xctest */ = {isa = PBXFileReference; explicitFileType = wrapper.cfbundle; includeInIndex = 0; path = Tests.xctest; sourceTree = BUILT_PRODUCTS_DIR; };
		F412B67D2543DE0900B36A77 /* Tests.m */ = {isa = PBXFileReference; lastKnownFileType = sourcecode.c.objc; path = Tests.m; sourceTree = "<group>"; };
		F412B67F2543DE0900B36A77 /* Info.plist */ = {isa = PBXFileReference; lastKnownFileType = text.plist.xml; path = Info.plist; sourceTree = "<group>"; };
		F438E47E261E276E0010D90E /* ZKParsingState.h */ = {isa = PBXFileReference; lastKnownFileType = sourcecode.c.h; path = ZKParsingState.h; sourceTree = "<group>"; };
		F438E47F261E276E0010D90E /* ZKParsingState.m */ = {isa = PBXFileReference; lastKnownFileType = sourcecode.c.objc; path = ZKParsingState.m; sourceTree = "<group>"; };
		F438E485261F77A70010D90E /* Soql.h */ = {isa = PBXFileReference; lastKnownFileType = sourcecode.c.h; path = Soql.h; sourceTree = "<group>"; };
		F438E486261F77A70010D90E /* Soql.m */ = {isa = PBXFileReference; lastKnownFileType = sourcecode.c.objc; path = Soql.m; sourceTree = "<group>"; };
		F438E48C261F7C960010D90E /* SoqlTests.m */ = {isa = PBXFileReference; lastKnownFileType = sourcecode.c.objc; path = SoqlTests.m; sourceTree = "<group>"; };
		F438E49A2620C3F30010D90E /* SoqlParser.h */ = {isa = PBXFileReference; lastKnownFileType = sourcecode.c.h; path = SoqlParser.h; sourceTree = "<group>"; };
		F438E49B2620C3F30010D90E /* SoqlParser.m */ = {isa = PBXFileReference; lastKnownFileType = sourcecode.c.objc; path = SoqlParser.m; sourceTree = "<group>"; };
		F4C88A072628E395006D606A /* ZKParserResult.h */ = {isa = PBXFileReference; lastKnownFileType = sourcecode.c.h; path = ZKParserResult.h; sourceTree = "<group>"; };
		F4C88A082628E395006D606A /* ZKParserResult.m */ = {isa = PBXFileReference; lastKnownFileType = sourcecode.c.objc; path = ZKParserResult.m; sourceTree = "<group>"; };
/* End PBXFileReference section */

/* Begin PBXFrameworksBuildPhase section */
		F412B6642543D14D00B36A77 /* Frameworks */ = {
			isa = PBXFrameworksBuildPhase;
			buildActionMask = 2147483647;
			files = (
			);
			runOnlyForDeploymentPostprocessing = 0;
		};
		F412B6782543DE0900B36A77 /* Frameworks */ = {
			isa = PBXFrameworksBuildPhase;
			buildActionMask = 2147483647;
			files = (
				F412B6802543DE0900B36A77 /* libZKParser.a in Frameworks */,
			);
			runOnlyForDeploymentPostprocessing = 0;
		};
/* End PBXFrameworksBuildPhase section */

/* Begin PBXGroup section */
		F412B65D2543D14D00B36A77 = {
			isa = PBXGroup;
			children = (
				F412B6682543D14D00B36A77 /* ZKParser */,
				F412B67C2543DE0900B36A77 /* Tests */,
				F412B6672543D14D00B36A77 /* Products */,
			);
			sourceTree = "<group>";
		};
		F412B6672543D14D00B36A77 /* Products */ = {
			isa = PBXGroup;
			children = (
				F412B6662543D14D00B36A77 /* libZKParser.a */,
				F412B67B2543DE0900B36A77 /* Tests.xctest */,
			);
			name = Products;
			sourceTree = "<group>";
		};
		F412B6682543D14D00B36A77 /* ZKParser */ = {
			isa = PBXGroup;
			children = (
				F412B6692543D14D00B36A77 /* ZKParserFactory.h */,
				F412B66B2543D14D00B36A77 /* ZKParserFactory.m */,
				F4C88A072628E395006D606A /* ZKParserResult.h */,
				F4C88A082628E395006D606A /* ZKParserResult.m */,
				F438E47E261E276E0010D90E /* ZKParsingState.h */,
				F438E47F261E276E0010D90E /* ZKParsingState.m */,
				F438E485261F77A70010D90E /* Soql.h */,
				F438E486261F77A70010D90E /* Soql.m */,
				F438E49A2620C3F30010D90E /* SoqlParser.h */,
				F438E49B2620C3F30010D90E /* SoqlParser.m */,
			);
			path = ZKParser;
			sourceTree = "<group>";
		};
		F412B67C2543DE0900B36A77 /* Tests */ = {
			isa = PBXGroup;
			children = (
				F412B67D2543DE0900B36A77 /* Tests.m */,
				F412B67F2543DE0900B36A77 /* Info.plist */,
				F438E48C261F7C960010D90E /* SoqlTests.m */,
			);
			path = Tests;
			sourceTree = "<group>";
		};
/* End PBXGroup section */

/* Begin PBXHeadersBuildPhase section */
		F412B6622543D14D00B36A77 /* Headers */ = {
			isa = PBXHeadersBuildPhase;
			buildActionMask = 2147483647;
			files = (
				F438E487261F77A70010D90E /* Soql.h in Headers */,
				F412B66A2543D14D00B36A77 /* ZKParserFactory.h in Headers */,
				F438E49C2620C3F30010D90E /* SoqlParser.h in Headers */,
				F4C88A092628E395006D606A /* ZKParserResult.h in Headers */,
				F438E480261E276E0010D90E /* ZKParsingState.h in Headers */,
			);
			runOnlyForDeploymentPostprocessing = 0;
		};
/* End PBXHeadersBuildPhase section */

/* Begin PBXNativeTarget section */
		F412B6652543D14D00B36A77 /* ZKParser */ = {
			isa = PBXNativeTarget;
			buildConfigurationList = F412B66F2543D14D00B36A77 /* Build configuration list for PBXNativeTarget "ZKParser" */;
			buildPhases = (
				F412B6622543D14D00B36A77 /* Headers */,
				F412B6632543D14D00B36A77 /* Sources */,
				F412B6642543D14D00B36A77 /* Frameworks */,
			);
			buildRules = (
			);
			dependencies = (
			);
			name = ZKParser;
			productName = ZKParser;
			productReference = F412B6662543D14D00B36A77 /* libZKParser.a */;
			productType = "com.apple.product-type.library.static";
		};
		F412B67A2543DE0900B36A77 /* Tests */ = {
			isa = PBXNativeTarget;
			buildConfigurationList = F412B6832543DE0900B36A77 /* Build configuration list for PBXNativeTarget "Tests" */;
			buildPhases = (
				F412B6772543DE0900B36A77 /* Sources */,
				F412B6782543DE0900B36A77 /* Frameworks */,
				F412B6792543DE0900B36A77 /* Resources */,
			);
			buildRules = (
			);
			dependencies = (
				F412B6822543DE0900B36A77 /* PBXTargetDependency */,
			);
			name = Tests;
			productName = Tests;
			productReference = F412B67B2543DE0900B36A77 /* Tests.xctest */;
			productType = "com.apple.product-type.bundle.unit-test";
		};
/* End PBXNativeTarget section */

/* Begin PBXProject section */
		F412B65E2543D14D00B36A77 /* Project object */ = {
			isa = PBXProject;
			attributes = {
				LastUpgradeCheck = 1240;
				ORGANIZATIONNAME = "Simon Fell";
				TargetAttributes = {
					F412B6652543D14D00B36A77 = {
						CreatedOnToolsVersion = 11.0;
					};
					F412B67A2543DE0900B36A77 = {
						CreatedOnToolsVersion = 11.0;
					};
				};
			};
			buildConfigurationList = F412B6612543D14D00B36A77 /* Build configuration list for PBXProject "ZKParser" */;
			compatibilityVersion = "Xcode 9.3";
			developmentRegion = en;
			hasScannedForEncodings = 0;
			knownRegions = (
				en,
				Base,
			);
			mainGroup = F412B65D2543D14D00B36A77;
			productRefGroup = F412B6672543D14D00B36A77 /* Products */;
			projectDirPath = "";
			projectRoot = "";
			targets = (
				F412B6652543D14D00B36A77 /* ZKParser */,
				F412B67A2543DE0900B36A77 /* Tests */,
			);
		};
/* End PBXProject section */

/* Begin PBXResourcesBuildPhase section */
		F412B6792543DE0900B36A77 /* Resources */ = {
			isa = PBXResourcesBuildPhase;
			buildActionMask = 2147483647;
			files = (
			);
			runOnlyForDeploymentPostprocessing = 0;
		};
/* End PBXResourcesBuildPhase section */

/* Begin PBXSourcesBuildPhase section */
		F412B6632543D14D00B36A77 /* Sources */ = {
			isa = PBXSourcesBuildPhase;
			buildActionMask = 2147483647;
			files = (
				F438E481261E276E0010D90E /* ZKParsingState.m in Sources */,
				F438E488261F77A70010D90E /* Soql.m in Sources */,
				F412B66C2543D14D00B36A77 /* ZKParserFactory.m in Sources */,
				F4C88A0A2628E395006D606A /* ZKParserResult.m in Sources */,
				F438E49D2620C3F30010D90E /* SoqlParser.m in Sources */,
			);
			runOnlyForDeploymentPostprocessing = 0;
		};
		F412B6772543DE0900B36A77 /* Sources */ = {
			isa = PBXSourcesBuildPhase;
			buildActionMask = 2147483647;
			files = (
				F4C88A0B2628E395006D606A /* ZKParserResult.m in Sources */,
				F438E48E261F7C960010D90E /* SoqlTests.m in Sources */,
				F438E49E2620C3F30010D90E /* SoqlParser.m in Sources */,
				F438E482261E276E0010D90E /* ZKParsingState.m in Sources */,
				F438E489261F77A70010D90E /* Soql.m in Sources */,
				F412B67E2543DE0900B36A77 /* Tests.m in Sources */,
			);
			runOnlyForDeploymentPostprocessing = 0;
		};
/* End PBXSourcesBuildPhase section */

/* Begin PBXTargetDependency section */
		F412B6822543DE0900B36A77 /* PBXTargetDependency */ = {
			isa = PBXTargetDependency;
			target = F412B6652543D14D00B36A77 /* ZKParser */;
			targetProxy = F412B6812543DE0900B36A77 /* PBXContainerItemProxy */;
		};
/* End PBXTargetDependency section */

/* Begin XCBuildConfiguration section */
		F412B66D2543D14D00B36A77 /* Debug */ = {
			isa = XCBuildConfiguration;
			buildSettings = {
				ALWAYS_SEARCH_USER_PATHS = NO;
				CLANG_ANALYZER_NONNULL = YES;
				CLANG_ANALYZER_NUMBER_OBJECT_CONVERSION = YES_AGGRESSIVE;
				CLANG_CXX_LANGUAGE_STANDARD = "gnu++14";
				CLANG_CXX_LIBRARY = "libc++";
				CLANG_ENABLE_MODULES = YES;
				CLANG_ENABLE_OBJC_ARC = YES;
				CLANG_ENABLE_OBJC_WEAK = YES;
				CLANG_WARN_BLOCK_CAPTURE_AUTORELEASING = YES;
				CLANG_WARN_BOOL_CONVERSION = YES;
				CLANG_WARN_COMMA = YES;
				CLANG_WARN_CONSTANT_CONVERSION = YES;
				CLANG_WARN_DEPRECATED_OBJC_IMPLEMENTATIONS = YES;
				CLANG_WARN_DIRECT_OBJC_ISA_USAGE = YES_ERROR;
				CLANG_WARN_DOCUMENTATION_COMMENTS = YES;
				CLANG_WARN_EMPTY_BODY = YES;
				CLANG_WARN_ENUM_CONVERSION = YES;
				CLANG_WARN_INFINITE_RECURSION = YES;
				CLANG_WARN_INT_CONVERSION = YES;
				CLANG_WARN_NON_LITERAL_NULL_CONVERSION = YES;
				CLANG_WARN_OBJC_IMPLICIT_RETAIN_SELF = YES;
				CLANG_WARN_OBJC_LITERAL_CONVERSION = YES;
				CLANG_WARN_OBJC_ROOT_CLASS = YES_ERROR;
				CLANG_WARN_QUOTED_INCLUDE_IN_FRAMEWORK_HEADER = YES;
				CLANG_WARN_RANGE_LOOP_ANALYSIS = YES;
				CLANG_WARN_STRICT_PROTOTYPES = YES;
				CLANG_WARN_SUSPICIOUS_MOVE = YES;
				CLANG_WARN_UNGUARDED_AVAILABILITY = YES_AGGRESSIVE;
				CLANG_WARN_UNREACHABLE_CODE = YES;
				CLANG_WARN__DUPLICATE_METHOD_MATCH = YES;
				COPY_PHASE_STRIP = NO;
				DEBUG_INFORMATION_FORMAT = dwarf;
				ENABLE_STRICT_OBJC_MSGSEND = YES;
				ENABLE_TESTABILITY = YES;
				GCC_C_LANGUAGE_STANDARD = gnu11;
				GCC_DYNAMIC_NO_PIC = NO;
				GCC_NO_COMMON_BLOCKS = YES;
				GCC_OPTIMIZATION_LEVEL = 0;
				GCC_PREPROCESSOR_DEFINITIONS = (
					"DEBUG=1",
					"$(inherited)",
				);
				GCC_WARN_64_TO_32_BIT_CONVERSION = YES;
				GCC_WARN_ABOUT_RETURN_TYPE = YES_ERROR;
				GCC_WARN_UNDECLARED_SELECTOR = YES;
				GCC_WARN_UNINITIALIZED_AUTOS = YES_AGGRESSIVE;
				GCC_WARN_UNUSED_FUNCTION = YES;
				GCC_WARN_UNUSED_VARIABLE = YES;
				MACOSX_DEPLOYMENT_TARGET = 10.14;
				MTL_ENABLE_DEBUG_INFO = INCLUDE_SOURCE;
				MTL_FAST_MATH = YES;
				ONLY_ACTIVE_ARCH = YES;
				SDKROOT = macosx;
			};
			name = Debug;
		};
		F412B66E2543D14D00B36A77 /* Release */ = {
			isa = XCBuildConfiguration;
			buildSettings = {
				ALWAYS_SEARCH_USER_PATHS = NO;
				CLANG_ANALYZER_NONNULL = YES;
				CLANG_ANALYZER_NUMBER_OBJECT_CONVERSION = YES_AGGRESSIVE;
				CLANG_CXX_LANGUAGE_STANDARD = "gnu++14";
				CLANG_CXX_LIBRARY = "libc++";
				CLANG_ENABLE_MODULES = YES;
				CLANG_ENABLE_OBJC_ARC = YES;
				CLANG_ENABLE_OBJC_WEAK = YES;
				CLANG_WARN_BLOCK_CAPTURE_AUTORELEASING = YES;
				CLANG_WARN_BOOL_CONVERSION = YES;
				CLANG_WARN_COMMA = YES;
				CLANG_WARN_CONSTANT_CONVERSION = YES;
				CLANG_WARN_DEPRECATED_OBJC_IMPLEMENTATIONS = YES;
				CLANG_WARN_DIRECT_OBJC_ISA_USAGE = YES_ERROR;
				CLANG_WARN_DOCUMENTATION_COMMENTS = YES;
				CLANG_WARN_EMPTY_BODY = YES;
				CLANG_WARN_ENUM_CONVERSION = YES;
				CLANG_WARN_INFINITE_RECURSION = YES;
				CLANG_WARN_INT_CONVERSION = YES;
				CLANG_WARN_NON_LITERAL_NULL_CONVERSION = YES;
				CLANG_WARN_OBJC_IMPLICIT_RETAIN_SELF = YES;
				CLANG_WARN_OBJC_LITERAL_CONVERSION = YES;
				CLANG_WARN_OBJC_ROOT_CLASS = YES_ERROR;
				CLANG_WARN_QUOTED_INCLUDE_IN_FRAMEWORK_HEADER = YES;
				CLANG_WARN_RANGE_LOOP_ANALYSIS = YES;
				CLANG_WARN_STRICT_PROTOTYPES = YES;
				CLANG_WARN_SUSPICIOUS_MOVE = YES;
				CLANG_WARN_UNGUARDED_AVAILABILITY = YES_AGGRESSIVE;
				CLANG_WARN_UNREACHABLE_CODE = YES;
				CLANG_WARN__DUPLICATE_METHOD_MATCH = YES;
				COPY_PHASE_STRIP = NO;
				DEBUG_INFORMATION_FORMAT = "dwarf-with-dsym";
				ENABLE_NS_ASSERTIONS = NO;
				ENABLE_STRICT_OBJC_MSGSEND = YES;
				GCC_C_LANGUAGE_STANDARD = gnu11;
				GCC_NO_COMMON_BLOCKS = YES;
				GCC_WARN_64_TO_32_BIT_CONVERSION = YES;
				GCC_WARN_ABOUT_RETURN_TYPE = YES_ERROR;
				GCC_WARN_UNDECLARED_SELECTOR = YES;
				GCC_WARN_UNINITIALIZED_AUTOS = YES_AGGRESSIVE;
				GCC_WARN_UNUSED_FUNCTION = YES;
				GCC_WARN_UNUSED_VARIABLE = YES;
				MACOSX_DEPLOYMENT_TARGET = 10.14;
				MTL_ENABLE_DEBUG_INFO = NO;
				MTL_FAST_MATH = YES;
				SDKROOT = macosx;
			};
			name = Release;
		};
		F412B6702543D14D00B36A77 /* Debug */ = {
			isa = XCBuildConfiguration;
			buildSettings = {
				CODE_SIGN_STYLE = Automatic;
				EXECUTABLE_PREFIX = lib;
				PRODUCT_NAME = "$(TARGET_NAME)";
				SKIP_INSTALL = YES;
			};
			name = Debug;
		};
		F412B6712543D14D00B36A77 /* Release */ = {
			isa = XCBuildConfiguration;
			buildSettings = {
				CODE_SIGN_STYLE = Automatic;
				EXECUTABLE_PREFIX = lib;
				PRODUCT_NAME = "$(TARGET_NAME)";
				SKIP_INSTALL = YES;
			};
			name = Release;
		};
		F412B6842543DE0900B36A77 /* Debug */ = {
			isa = XCBuildConfiguration;
			buildSettings = {
				CODE_SIGN_STYLE = Automatic;
				COMBINE_HIDPI_IMAGES = YES;
				INFOPLIST_FILE = Tests/Info.plist;
				LD_RUNPATH_SEARCH_PATHS = (
					"$(inherited)",
					"@executable_path/../Frameworks",
					"@loader_path/../Frameworks",
				);
				PRODUCT_BUNDLE_IDENTIFIER = com.superfell.Tests;
				PRODUCT_NAME = "$(TARGET_NAME)";
			};
			name = Debug;
		};
		F412B6852543DE0900B36A77 /* Release */ = {
			isa = XCBuildConfiguration;
			buildSettings = {
				CODE_SIGN_STYLE = Automatic;
				COMBINE_HIDPI_IMAGES = YES;
				INFOPLIST_FILE = Tests/Info.plist;
				LD_RUNPATH_SEARCH_PATHS = (
					"$(inherited)",
					"@executable_path/../Frameworks",
					"@loader_path/../Frameworks",
				);
				PRODUCT_BUNDLE_IDENTIFIER = com.superfell.Tests;
				PRODUCT_NAME = "$(TARGET_NAME)";
			};
			name = Release;
		};
/* End XCBuildConfiguration section */

/* Begin XCConfigurationList section */
		F412B6612543D14D00B36A77 /* Build configuration list for PBXProject "ZKParser" */ = {
			isa = XCConfigurationList;
			buildConfigurations = (
				F412B66D2543D14D00B36A77 /* Debug */,
				F412B66E2543D14D00B36A77 /* Release */,
			);
			defaultConfigurationIsVisible = 0;
			defaultConfigurationName = Release;
		};
		F412B66F2543D14D00B36A77 /* Build configuration list for PBXNativeTarget "ZKParser" */ = {
			isa = XCConfigurationList;
			buildConfigurations = (
				F412B6702543D14D00B36A77 /* Debug */,
				F412B6712543D14D00B36A77 /* Release */,
			);
			defaultConfigurationIsVisible = 0;
			defaultConfigurationName = Release;
		};
		F412B6832543DE0900B36A77 /* Build configuration list for PBXNativeTarget "Tests" */ = {
			isa = XCConfigurationList;
			buildConfigurations = (
				F412B6842543DE0900B36A77 /* Debug */,
				F412B6852543DE0900B36A77 /* Release */,
			);
			defaultConfigurationIsVisible = 0;
			defaultConfigurationName = Release;
		};
/* End XCConfigurationList section */
	};
	rootObject = F412B65E2543D14D00B36A77 /* Project object */;
}
